
Microsoft Visual Studio Solution File, Format Version 11.00
# Visual Studio 2010
# SharpDevelop 4.4
Project("{FAE04EC0-301F-11D3-BF4B-00C04F79EFBC}") = "Temperatura", "Temperatura\Temperatura.csproj", "{7986BD4D-6AD3-4F68-89B3-BC1DF34D0AF0}"
EndProject
Global
	GlobalSection(SolutionConfigurationPlatforms) = preSolution
		Debug|Any CPU = Debug|Any CPU
		Release|Any CPU = Release|Any CPU
	EndGlobalSection
	GlobalSection(ProjectConfigurationPlatforms) = postSolution
		{7986BD4D-6AD3-4F68-89B3-BC1DF34D0AF0}.Debug|Any CPU.Build.0 = Debug|Any CPU
		{7986BD4D-6AD3-4F68-89B3-BC1DF34D0AF0}.Debug|Any CPU.ActiveCfg = Debug|Any CPU
		{7986BD4D-6AD3-4F68-89B3-BC1DF34D0AF0}.Release|Any CPU.Build.0 = Release|Any CPU
		{7986BD4D-6AD3-4F68-89B3-BC1DF34D0AF0}.Release|Any CPU.ActiveCfg = Release|Any CPU
	EndGlobalSection
EndGlobal
